{
  "version": 4,
  "terraform_version": "1.14.6",
  "serial": 5,
  "lineage": "00ec7d66-5fef-d3e2-ef64-c7e6f48afacc",
  "outputs": {
    "created_file": {
      "value": "./sample.txt",
      "type": "string"
    }
  },
  "resources": [
    {
      "mode": "managed",
      "type": "local_file",
      "name": "sample",
      "provider": "provider[\"registry.terraform.io/hashicorp/local\"]",
      "instances": [
        {
          "schema_version": 0,
          "attributes": {
            "content": "message = hello from terraform\n",
            "content_base64": null,
            "content_base64sha256": "w6ym9w+zDV+aoCC8ZEFQHHIC6/jzVnLIZvZn5urnlB8=",
            "content_base64sha512": "Z5VOl2fTCS7++l11Yl/0HK1yaLBaVK1lkzRQbUnTnUq4T3XS5F3OcEjp03ggRfdb1mgg2DUaX3rXctDdIC0Ukw==",
            "content_md5": "1cdecc3e12ee4306768a7bbd9f0ae6ef",
            "content_sha1": "4ec231e32de4c1fb31d184168e1292aa4b2a74d8",
            "content_sha256": "c3aca6f70fb30d5f9aa020bc6441501c7202ebf8f35672c866f667e6eae7941f",
            "content_sha512": "67954e9767d3092efefa5d75625ff41cad7268b05a54ad659334506d49d39d4ab84f75d2e45dce7048e9d3782045f75bd66820d8351a5f7ad772d0dd202d1493",
            "directory_permission": "0777",
            "file_permission": "0777",
            "filename": "./sample.txt",
            "id": "4ec231e32de4c1fb31d184168e1292aa4b2a74d8",
            "sensitive_content": null,
            "source": null
          },
          "sensitive_attributes": [
            [
              {
                "type": "get_attr",
                "value": "sensitive_content"
              }
            ]
          ],
          "identity_schema_version": 0
        }
      ]
    }
  ],
  "check_results": null
}
